
Microsoft Visual Studio Solution File, Format Version 12.00
# Visual Studio Version 17
VisualStudioVersion = 17.14.36603.0 d17.14
MinimumVisualStudioVersion = 10.0.40219.1
Project("{2150E333-8FDC-42A3-9474-1A3956D46DE8}") = "src", "src", "{02EA681E-C7D8-13C7-8484-4AC65E1B71E8}"
EndProject
Project("{2150E333-8FDC-42A3-9474-1A3956D46DE8}") = "LoyaltApi", "LoyaltApi", "{DCA9D2D2-F2C5-47B6-918F-7CE557EC4C97}"
EndProject
Project("{2150E333-8FDC-42A3-9474-1A3956D46DE8}") = "Modules", "Modules", "{C3F83422-1226-4309-9891-5BBC47CE23CE}"
EndProject
Project("{2150E333-8FDC-42A3-9474-1A3956D46DE8}") = "Identity", "Identity", "{A7392D09-BE67-43E6-A02D-A0F61F5155F8}"
EndProject
Project("{2150E333-8FDC-42A3-9474-1A3956D46DE8}") = "Companies", "Companies", "{E109D192-2226-4DD7-83CB-6BE74D6E7CC4}"
EndProject
Project("{2150E333-8FDC-42A3-9474-1A3956D46DE8}") = "Loyalty", "Loyalty", "{88DD8830-2A2E-4E15-9C68-4594036A6FF9}"
EndProject
Project("{2150E333-8FDC-42A3-9474-1A3956D46DE8}") = "Redemptions", "Redemptions", "{C8A53552-D986-43AB-BE69-337785990F1E}"
EndProject
Project("{FAE04EC0-301F-11D3-BF4B-00C04F79EFBC}") = "LoyaltApi", "LoyaltApi\LoyaltApi.csproj", "{7C65F3C0-7AD6-4113-B8FB-4E847F36FD36}"
EndProject
Project("{FAE04EC0-301F-11D3-BF4B-00C04F79EFBC}") = "Identity.Domain", "Identity.Domain\Identity.Domain.csproj", "{12D3FAF1-4479-4B35-AD54-DA6EC890C493}"
EndProject
Project("{FAE04EC0-301F-11D3-BF4B-00C04F79EFBC}") = "Identity.Application", "Identity.Application\Identity.Application.csproj", "{84D5A7A0-9EDB-43C9-8F6C-009847AB52D3}"
EndProject
Project("{FAE04EC0-301F-11D3-BF4B-00C04F79EFBC}") = "Identity.Infrastructure", "Identity.Infrastructure\Identity.Infrastructure.csproj", "{1AF0BBC5-81F2-446C-BF63-0A47980F45C2}"
EndProject
Project("{FAE04EC0-301F-11D3-BF4B-00C04F79EFBC}") = "Companies.Domain", "Companies.Domain\Companies.Domain.csproj", "{6DD47C96-1FF3-44BB-9024-8D89BF847AC6}"
EndProject
Project("{FAE04EC0-301F-11D3-BF4B-00C04F79EFBC}") = "Companies.Application", "Companies.Application\Companies.Application.csproj", "{5CBA01BA-F27F-4BE3-874B-0A85ADA7DADE}"
EndProject
Project("{FAE04EC0-301F-11D3-BF4B-00C04F79EFBC}") = "Companies.Infrastructure", "Companies.Infrastructure\Companies.Infrastructure.csproj", "{0BEA2B7F-F4CC-4FA8-8331-AAC7A26B0767}"
EndProject
Project("{FAE04EC0-301F-11D3-BF4B-00C04F79EFBC}") = "Loyalty.Domain", "Loyalty.Domain\Loyalty.Domain.csproj", "{2A18BDB3-149E-4177-96B8-016B0E16865E}"
EndProject
Project("{FAE04EC0-301F-11D3-BF4B-00C04F79EFBC}") = "Loyalty.Application", "Loyalty.Application\Loyalty.Application.csproj", "{514718D9-4E9C-4628-89DD-1C79932A7E2E}"
EndProject
Project("{FAE04EC0-301F-11D3-BF4B-00C04F79EFBC}") = "Loyalty.Infrastructure", "Loyalty.Infrastructure\Loyalty.Infrastructure.csproj", "{0011594C-6369-47E8-881A-8A1DBD7BE18F}"
EndProject
Project("{2150E333-8FDC-42A3-9474-1A3956D46DE8}") = "Rewards", "Rewards", "{F8E7812D-A2D2-4E44-B1CF-F45F51251385}"
EndProject
Project("{FAE04EC0-301F-11D3-BF4B-00C04F79EFBC}") = "Redemptions.Domain", "Redemptions.Domain\Redemptions.Domain.csproj", "{140C8548-8DBC-488E-8B7C-DBDF3C3DD43C}"
EndProject
Project("{FAE04EC0-301F-11D3-BF4B-00C04F79EFBC}") = "Redemptions.Application", "Redemptions.Application\Redemptions.Application.csproj", "{23E7DA61-5F4C-453B-B6AB-15E4D367433A}"
EndProject
Project("{FAE04EC0-301F-11D3-BF4B-00C04F79EFBC}") = "Redemptions.Infrastructure", "Redemptions.Infrastructure\Redemptions.Infrastructure.csproj", "{4A635C71-1ADA-4573-B98A-1E66C5552C46}"
EndProject
Project("{FAE04EC0-301F-11D3-BF4B-00C04F79EFBC}") = "Rewards.Domain", "Rewards.Domain\Rewards.Domain.csproj", "{95C9DAFA-F7E6-4803-8639-217DF31D89EF}"
EndProject
Project("{FAE04EC0-301F-11D3-BF4B-00C04F79EFBC}") = "Rewards.Infrastructure", "Rewards.Infrastructure\Rewards.Infrastructure.csproj", "{11CC9F40-961D-4123-8226-65664BAA11B0}"
EndProject
Project("{FAE04EC0-301F-11D3-BF4B-00C04F79EFBC}") = "Rewards.Application", "Rewards.Application\Rewards.Application.csproj", "{921F5738-58A4-493C-BC24-8203573C819E}"
EndProject
Global
	GlobalSection(SolutionConfigurationPlatforms) = preSolution
		Debug|Any CPU = Debug|Any CPU
		Release|Any CPU = Release|Any CPU
	EndGlobalSection
	GlobalSection(ProjectConfigurationPlatforms) = postSolution
		{7C65F3C0-7AD6-4113-B8FB-4E847F36FD36}.Debug|Any CPU.ActiveCfg = Debug|Any CPU
		{7C65F3C0-7AD6-4113-B8FB-4E847F36FD36}.Debug|Any CPU.Build.0 = Debug|Any CPU
		{7C65F3C0-7AD6-4113-B8FB-4E847F36FD36}.Release|Any CPU.ActiveCfg = Release|Any CPU
		{7C65F3C0-7AD6-4113-B8FB-4E847F36FD36}.Release|Any CPU.Build.0 = Release|Any CPU
		{12D3FAF1-4479-4B35-AD54-DA6EC890C493}.Debug|Any CPU.ActiveCfg = Debug|Any CPU
		{12D3FAF1-4479-4B35-AD54-DA6EC890C493}.Debug|Any CPU.Build.0 = Debug|Any CPU
		{12D3FAF1-4479-4B35-AD54-DA6EC890C493}.Release|Any CPU.ActiveCfg = Release|Any CPU
		{12D3FAF1-4479-4B35-AD54-DA6EC890C493}.Release|Any CPU.Build.0 = Release|Any CPU
		{84D5A7A0-9EDB-43C9-8F6C-009847AB52D3}.Debug|Any CPU.ActiveCfg = Debug|Any CPU
		{84D5A7A0-9EDB-43C9-8F6C-009847AB52D3}.Debug|Any CPU.Build.0 = Debug|Any CPU
		{84D5A7A0-9EDB-43C9-8F6C-009847AB52D3}.Release|Any CPU.ActiveCfg = Release|Any CPU
		{84D5A7A0-9EDB-43C9-8F6C-009847AB52D3}.Release|Any CPU.Build.0 = Release|Any CPU
		{1AF0BBC5-81F2-446C-BF63-0A47980F45C2}.Debug|Any CPU.ActiveCfg = Debug|Any CPU
		{1AF0BBC5-81F2-446C-BF63-0A47980F45C2}.Debug|Any CPU.Build.0 = Debug|Any CPU
		{1AF0BBC5-81F2-446C-BF63-0A47980F45C2}.Release|Any CPU.ActiveCfg = Release|Any CPU
		{1AF0BBC5-81F2-446C-BF63-0A47980F45C2}.Release|Any CPU.Build.0 = Release|Any CPU
		{6DD47C96-1FF3-44BB-9024-8D89BF847AC6}.Debug|Any CPU.ActiveCfg = Debug|Any CPU
		{6DD47C96-1FF3-44BB-9024-8D89BF847AC6}.Debug|Any CPU.Build.0 = Debug|Any CPU
		{6DD47C96-1FF3-44BB-9024-8D89BF847AC6}.Release|Any CPU.ActiveCfg = Release|Any CPU
		{6DD47C96-1FF3-44BB-9024-8D89BF847AC6}.Release|Any CPU.Build.0 = Release|Any CPU
		{5CBA01BA-F27F-4BE3-874B-0A85ADA7DADE}.Debug|Any CPU.ActiveCfg = Debug|Any CPU
		{5CBA01BA-F27F-4BE3-874B-0A85ADA7DADE}.Debug|Any CPU.Build.0 = Debug|Any CPU
		{5CBA01BA-F27F-4BE3-874B-0A85ADA7DADE}.Release|Any CPU.ActiveCfg = Release|Any CPU
		{5CBA01BA-F27F-4BE3-874B-0A85ADA7DADE}.Release|Any CPU.Build.0 = Release|Any CPU
		{0BEA2B7F-F4CC-4FA8-8331-AAC7A26B0767}.Debug|Any CPU.ActiveCfg = Debug|Any CPU
		{0BEA2B7F-F4CC-4FA8-8331-AAC7A26B0767}.Debug|Any CPU.Build.0 = Debug|Any CPU
		{0BEA2B7F-F4CC-4FA8-8331-AAC7A26B0767}.Release|Any CPU.ActiveCfg = Release|Any CPU
		{0BEA2B7F-F4CC-4FA8-8331-AAC7A26B0767}.Release|Any CPU.Build.0 = Release|Any CPU
		{2A18BDB3-149E-4177-96B8-016B0E16865E}.Debug|Any CPU.ActiveCfg = Debug|Any CPU
		{2A18BDB3-149E-4177-96B8-016B0E16865E}.Debug|Any CPU.Build.0 = Debug|Any CPU
		{2A18BDB3-149E-4177-96B8-016B0E16865E}.Release|Any CPU.ActiveCfg = Release|Any CPU
		{2A18BDB3-149E-4177-96B8-016B0E16865E}.Release|Any CPU.Build.0 = Release|Any CPU
		{514718D9-4E9C-4628-89DD-1C79932A7E2E}.Debug|Any CPU.ActiveCfg = Debug|Any CPU
		{514718D9-4E9C-4628-89DD-1C79932A7E2E}.Debug|Any CPU.Build.0 = Debug|Any CPU
		{514718D9-4E9C-4628-89DD-1C79932A7E2E}.Release|Any CPU.ActiveCfg = Release|Any CPU
		{514718D9-4E9C-4628-89DD-1C79932A7E2E}.Release|Any CPU.Build.0 = Release|Any CPU
		{0011594C-6369-47E8-881A-8A1DBD7BE18F}.Debug|Any CPU.ActiveCfg = Debug|Any CPU
		{0011594C-6369-47E8-881A-8A1DBD7BE18F}.Debug|Any CPU.Build.0 = Debug|Any CPU
		{0011594C-6369-47E8-881A-8A1DBD7BE18F}.Release|Any CPU.ActiveCfg = Release|Any CPU
		{0011594C-6369-47E8-881A-8A1DBD7BE18F}.Release|Any CPU.Build.0 = Release|Any CPU
		{140C8548-8DBC-488E-8B7C-DBDF3C3DD43C}.Debug|Any CPU.ActiveCfg = Debug|Any CPU
		{140C8548-8DBC-488E-8B7C-DBDF3C3DD43C}.Debug|Any CPU.Build.0 = Debug|Any CPU
		{140C8548-8DBC-488E-8B7C-DBDF3C3DD43C}.Release|Any CPU.ActiveCfg = Release|Any CPU
		{140C8548-8DBC-488E-8B7C-DBDF3C3DD43C}.Release|Any CPU.Build.0 = Release|Any CPU
		{23E7DA61-5F4C-453B-B6AB-15E4D367433A}.Debug|Any CPU.ActiveCfg = Debug|Any CPU
		{23E7DA61-5F4C-453B-B6AB-15E4D367433A}.Debug|Any CPU.Build.0 = Debug|Any CPU
		{23E7DA61-5F4C-453B-B6AB-15E4D367433A}.Release|Any CPU.ActiveCfg = Release|Any CPU
		{23E7DA61-5F4C-453B-B6AB-15E4D367433A}.Release|Any CPU.Build.0 = Release|Any CPU
		{4A635C71-1ADA-4573-B98A-1E66C5552C46}.Debug|Any CPU.ActiveCfg = Debug|Any CPU
		{4A635C71-1ADA-4573-B98A-1E66C5552C46}.Debug|Any CPU.Build.0 = Debug|Any CPU
		{4A635C71-1ADA-4573-B98A-1E66C5552C46}.Release|Any CPU.ActiveCfg = Release|Any CPU
		{4A635C71-1ADA-4573-B98A-1E66C5552C46}.Release|Any CPU.Build.0 = Release|Any CPU
		{95C9DAFA-F7E6-4803-8639-217DF31D89EF}.Debug|Any CPU.ActiveCfg = Debug|Any CPU
		{95C9DAFA-F7E6-4803-8639-217DF31D89EF}.Debug|Any CPU.Build.0 = Debug|Any CPU
		{95C9DAFA-F7E6-4803-8639-217DF31D89EF}.Release|Any CPU.ActiveCfg = Release|Any CPU
		{95C9DAFA-F7E6-4803-8639-217DF31D89EF}.Release|Any CPU.Build.0 = Release|Any CPU
		{11CC9F40-961D-4123-8226-65664BAA11B0}.Debug|Any CPU.ActiveCfg = Debug|Any CPU
		{11CC9F40-961D-4123-8226-65664BAA11B0}.Debug|Any CPU.Build.0 = Debug|Any CPU
		{11CC9F40-961D-4123-8226-65664BAA11B0}.Release|Any CPU.ActiveCfg = Release|Any CPU
		{11CC9F40-961D-4123-8226-65664BAA11B0}.Release|Any CPU.Build.0 = Release|Any CPU
		{921F5738-58A4-493C-BC24-8203573C819E}.Debug|Any CPU.ActiveCfg = Debug|Any CPU
		{921F5738-58A4-493C-BC24-8203573C819E}.Debug|Any CPU.Build.0 = Debug|Any CPU
		{921F5738-58A4-493C-BC24-8203573C819E}.Release|Any CPU.ActiveCfg = Release|Any CPU
		{921F5738-58A4-493C-BC24-8203573C819E}.Release|Any CPU.Build.0 = Release|Any CPU
	EndGlobalSection
	GlobalSection(SolutionProperties) = preSolution
		HideSolutionNode = FALSE
	EndGlobalSection
	GlobalSection(NestedProjects) = preSolution
		{DCA9D2D2-F2C5-47B6-918F-7CE557EC4C97} = {02EA681E-C7D8-13C7-8484-4AC65E1B71E8}
		{C3F83422-1226-4309-9891-5BBC47CE23CE} = {02EA681E-C7D8-13C7-8484-4AC65E1B71E8}
		{A7392D09-BE67-43E6-A02D-A0F61F5155F8} = {C3F83422-1226-4309-9891-5BBC47CE23CE}
		{E109D192-2226-4DD7-83CB-6BE74D6E7CC4} = {C3F83422-1226-4309-9891-5BBC47CE23CE}
		{88DD8830-2A2E-4E15-9C68-4594036A6FF9} = {C3F83422-1226-4309-9891-5BBC47CE23CE}
		{C8A53552-D986-43AB-BE69-337785990F1E} = {C3F83422-1226-4309-9891-5BBC47CE23CE}
		{7C65F3C0-7AD6-4113-B8FB-4E847F36FD36} = {DCA9D2D2-F2C5-47B6-918F-7CE557EC4C97}
		{12D3FAF1-4479-4B35-AD54-DA6EC890C493} = {A7392D09-BE67-43E6-A02D-A0F61F5155F8}
		{84D5A7A0-9EDB-43C9-8F6C-009847AB52D3} = {A7392D09-BE67-43E6-A02D-A0F61F5155F8}
		{1AF0BBC5-81F2-446C-BF63-0A47980F45C2} = {A7392D09-BE67-43E6-A02D-A0F61F5155F8}
		{6DD47C96-1FF3-44BB-9024-8D89BF847AC6} = {E109D192-2226-4DD7-83CB-6BE74D6E7CC4}
		{5CBA01BA-F27F-4BE3-874B-0A85ADA7DADE} = {E109D192-2226-4DD7-83CB-6BE74D6E7CC4}
		{0BEA2B7F-F4CC-4FA8-8331-AAC7A26B0767} = {E109D192-2226-4DD7-83CB-6BE74D6E7CC4}
		{2A18BDB3-149E-4177-96B8-016B0E16865E} = {88DD8830-2A2E-4E15-9C68-4594036A6FF9}
		{514718D9-4E9C-4628-89DD-1C79932A7E2E} = {88DD8830-2A2E-4E15-9C68-4594036A6FF9}
		{0011594C-6369-47E8-881A-8A1DBD7BE18F} = {88DD8830-2A2E-4E15-9C68-4594036A6FF9}
		{F8E7812D-A2D2-4E44-B1CF-F45F51251385} = {C3F83422-1226-4309-9891-5BBC47CE23CE}
		{140C8548-8DBC-488E-8B7C-DBDF3C3DD43C} = {C8A53552-D986-43AB-BE69-337785990F1E}
		{23E7DA61-5F4C-453B-B6AB-15E4D367433A} = {C8A53552-D986-43AB-BE69-337785990F1E}
		{4A635C71-1ADA-4573-B98A-1E66C5552C46} = {C8A53552-D986-43AB-BE69-337785990F1E}
		{95C9DAFA-F7E6-4803-8639-217DF31D89EF} = {F8E7812D-A2D2-4E44-B1CF-F45F51251385}
		{11CC9F40-961D-4123-8226-65664BAA11B0} = {F8E7812D-A2D2-4E44-B1CF-F45F51251385}
		{921F5738-58A4-493C-BC24-8203573C819E} = {F8E7812D-A2D2-4E44-B1CF-F45F51251385}
	EndGlobalSection
	GlobalSection(ExtensibilityGlobals) = postSolution
		SolutionGuid = {40762E8A-C28D-4634-BADE-ECB8FC8DC240}
	EndGlobalSection
EndGlobal
