
Microsoft Visual Studio Solution File, Format Version 12.00
# Visual Studio Version 17
VisualStudioVersion = 17.14.36603.0
MinimumVisualStudioVersion = 10.0.40219.1
Project("{2150E333-8FDC-42A3-9474-1A3956D46DE8}") = "src", "src", "{C242258F-E245-4F4F-828D-BE30C54D5064}"
EndProject
Project("{2150E333-8FDC-42A3-9474-1A3956D46DE8}") = "Loyalty", "Loyalty", "{02EA681E-C7D8-13C7-8484-4AC65E1B71E8}"
EndProject
Project("{FAE04EC0-301F-11D3-BF4B-00C04F79EFBC}") = "Loyalty.Application", "src\Modules\Loyalty\Loyalty.Application\Loyalty.Application.csproj", "{973B9EC2-DA80-1AE9-B7BE-907DBEBC9017}"
EndProject
Project("{FAE04EC0-301F-11D3-BF4B-00C04F79EFBC}") = "Loyalty.Domain", "src\Modules\Loyalty\Loyalty.Domain\Loyalty.Domain.csproj", "{2B174EF6-6092-3AC6-5840-5C53FABED8F7}"
EndProject
Project("{FAE04EC0-301F-11D3-BF4B-00C04F79EFBC}") = "Loyalty.Infrastructure", "src\Modules\Loyalty\Loyalty.Infrastructure\Loyalty.Infrastructure.csproj", "{3CF19DCE-2236-D66D-F07E-56DD1FC6E0E2}"
EndProject
Project("{2150E333-8FDC-42A3-9474-1A3956D46DE8}") = "Modules", "Modules", "{4838E3EA-9ECE-4EDC-917E-326EDFF5FC8E}"
EndProject
Project("{2150E333-8FDC-42A3-9474-1A3956D46DE8}") = "Identity", "Identity", "{C4E5E9EF-3F72-43E1-BA74-68178F8A5028}"
EndProject
Project("{FAE04EC0-301F-11D3-BF4B-00C04F79EFBC}") = "Identity.Application", "src\Modules\Identity\Identity.Application\Identity.Application.csproj", "{1C31E1CF-11F0-5143-303A-D10ACB039B86}"
EndProject
Project("{FAE04EC0-301F-11D3-BF4B-00C04F79EFBC}") = "Identity.Domain", "src\Modules\Identity\Identity.Domain\Identity.Domain.csproj", "{AC65F606-64B2-E230-D41C-30E01BD95171}"
EndProject
Project("{FAE04EC0-301F-11D3-BF4B-00C04F79EFBC}") = "Identity.Infrastructure", "src\Modules\Identity\Identity.Infrastructure\Identity.Infrastructure.csproj", "{9B7ADD1B-2AFF-7DF7-6F23-2A34096EF98C}"
EndProject
Project("{2150E333-8FDC-42A3-9474-1A3956D46DE8}") = "Companies", "Companies", "{32A0C215-7168-4221-BFB0-592C283BF257}"
EndProject
Project("{FAE04EC0-301F-11D3-BF4B-00C04F79EFBC}") = "Companies.Application", "src\Modules\Companies\Companies.Application\Companies.Application.csproj", "{CEB9C6EE-1E45-DBA1-7D1F-D44128736BB7}"
EndProject
Project("{FAE04EC0-301F-11D3-BF4B-00C04F79EFBC}") = "Companies.Domain", "src\Modules\Companies\Companies.Domain\Companies.Domain.csproj", "{89976D72-4698-AD69-0F58-3B6B3EE2C310}"
EndProject
Project("{FAE04EC0-301F-11D3-BF4B-00C04F79EFBC}") = "Companies.Infrastructure", "src\Modules\Companies\Companies.Infrastructure\Companies.Infrastructure.csproj", "{FD18349B-D585-FB49-87C8-2B8743F8B94D}"
EndProject
Project("{2150E333-8FDC-42A3-9474-1A3956D46DE8}") = "Redemptions", "Redemptions", "{DC222905-4D7C-45F0-B518-0747D081883C}"
EndProject
Project("{FAE04EC0-301F-11D3-BF4B-00C04F79EFBC}") = "Redemptions.Application", "src\Modules\Redemptions\Redemptions.Application\Redemptions.Application.csproj", "{0E243158-7917-6CFF-EB81-9498F5F2CDC5}"
EndProject
Project("{FAE04EC0-301F-11D3-BF4B-00C04F79EFBC}") = "Redemptions.Domain", "src\Modules\Redemptions\Redemptions.Domain\Redemptions.Domain.csproj", "{B3EA25C9-B36A-42DD-4EB9-E725BDF98359}"
EndProject
Project("{FAE04EC0-301F-11D3-BF4B-00C04F79EFBC}") = "Redemptions.Infrastructure", "src\Modules\Redemptions\Redemptions.Infrastructure\Redemptions.Infrastructure.csproj", "{34D56D46-A7D1-F662-C7A0-373BEBE27833}"
EndProject
Project("{2150E333-8FDC-42A3-9474-1A3956D46DE8}") = "Rewards", "Rewards", "{A28A4FDC-5061-443D-A812-A96FBCD1DAC3}"
EndProject
Project("{FAE04EC0-301F-11D3-BF4B-00C04F79EFBC}") = "Rewards.Application", "src\Modules\Rewards\Rewards.Application\Rewards.Application.csproj", "{678A946D-C3FB-38C9-EAA3-8C312367217B}"
EndProject
Project("{FAE04EC0-301F-11D3-BF4B-00C04F79EFBC}") = "Rewards.Domain", "src\Modules\Rewards\Rewards.Domain\Rewards.Domain.csproj", "{25E68589-3134-AAF9-8112-D69C020620FB}"
EndProject
Project("{FAE04EC0-301F-11D3-BF4B-00C04F79EFBC}") = "Rewards.Infrastructure", "src\Modules\Rewards\Rewards.Infrastructure\Rewards.Infrastructure.csproj", "{BA406466-F686-CC6F-AA69-3CEC03B35CCE}"
EndProject
Project("{FAE04EC0-301F-11D3-BF4B-00C04F79EFBC}") = "Loyalt.Api", "src\Loyalt.Api\Loyalt.Api.csproj", "{F9B27562-DBA2-4623-A53F-7E8435816D53}"
EndProject
Global
	GlobalSection(SolutionConfigurationPlatforms) = preSolution
		Debug|Any CPU = Debug|Any CPU
		Debug|x64 = Debug|x64
		Debug|x86 = Debug|x86
		Release|Any CPU = Release|Any CPU
		Release|x64 = Release|x64
		Release|x86 = Release|x86
	EndGlobalSection
	GlobalSection(ProjectConfigurationPlatforms) = postSolution
		{973B9EC2-DA80-1AE9-B7BE-907DBEBC9017}.Debug|Any CPU.ActiveCfg = Debug|Any CPU
		{973B9EC2-DA80-1AE9-B7BE-907DBEBC9017}.Debug|Any CPU.Build.0 = Debug|Any CPU
		{973B9EC2-DA80-1AE9-B7BE-907DBEBC9017}.Debug|x64.ActiveCfg = Debug|Any CPU
		{973B9EC2-DA80-1AE9-B7BE-907DBEBC9017}.Debug|x64.Build.0 = Debug|Any CPU
		{973B9EC2-DA80-1AE9-B7BE-907DBEBC9017}.Debug|x86.ActiveCfg = Debug|Any CPU
		{973B9EC2-DA80-1AE9-B7BE-907DBEBC9017}.Debug|x86.Build.0 = Debug|Any CPU
		{973B9EC2-DA80-1AE9-B7BE-907DBEBC9017}.Release|Any CPU.ActiveCfg = Release|Any CPU
		{973B9EC2-DA80-1AE9-B7BE-907DBEBC9017}.Release|Any CPU.Build.0 = Release|Any CPU
		{973B9EC2-DA80-1AE9-B7BE-907DBEBC9017}.Release|x64.ActiveCfg = Release|Any CPU
		{973B9EC2-DA80-1AE9-B7BE-907DBEBC9017}.Release|x64.Build.0 = Release|Any CPU
		{973B9EC2-DA80-1AE9-B7BE-907DBEBC9017}.Release|x86.ActiveCfg = Release|Any CPU
		{973B9EC2-DA80-1AE9-B7BE-907DBEBC9017}.Release|x86.Build.0 = Release|Any CPU
		{2B174EF6-6092-3AC6-5840-5C53FABED8F7}.Debug|Any CPU.ActiveCfg = Debug|Any CPU
		{2B174EF6-6092-3AC6-5840-5C53FABED8F7}.Debug|Any CPU.Build.0 = Debug|Any CPU
		{2B174EF6-6092-3AC6-5840-5C53FABED8F7}.Debug|x64.ActiveCfg = Debug|Any CPU
		{2B174EF6-6092-3AC6-5840-5C53FABED8F7}.Debug|x64.Build.0 = Debug|Any CPU
		{2B174EF6-6092-3AC6-5840-5C53FABED8F7}.Debug|x86.ActiveCfg = Debug|Any CPU
		{2B174EF6-6092-3AC6-5840-5C53FABED8F7}.Debug|x86.Build.0 = Debug|Any CPU
		{2B174EF6-6092-3AC6-5840-5C53FABED8F7}.Release|Any CPU.ActiveCfg = Release|Any CPU
		{2B174EF6-6092-3AC6-5840-5C53FABED8F7}.Release|Any CPU.Build.0 = Release|Any CPU
		{2B174EF6-6092-3AC6-5840-5C53FABED8F7}.Release|x64.ActiveCfg = Release|Any CPU
		{2B174EF6-6092-3AC6-5840-5C53FABED8F7}.Release|x64.Build.0 = Release|Any CPU
		{2B174EF6-6092-3AC6-5840-5C53FABED8F7}.Release|x86.ActiveCfg = Release|Any CPU
		{2B174EF6-6092-3AC6-5840-5C53FABED8F7}.Release|x86.Build.0 = Release|Any CPU
		{3CF19DCE-2236-D66D-F07E-56DD1FC6E0E2}.Debug|Any CPU.ActiveCfg = Debug|Any CPU
		{3CF19DCE-2236-D66D-F07E-56DD1FC6E0E2}.Debug|Any CPU.Build.0 = Debug|Any CPU
		{3CF19DCE-2236-D66D-F07E-56DD1FC6E0E2}.Debug|x64.ActiveCfg = Debug|Any CPU
		{3CF19DCE-2236-D66D-F07E-56DD1FC6E0E2}.Debug|x64.Build.0 = Debug|Any CPU
		{3CF19DCE-2236-D66D-F07E-56DD1FC6E0E2}.Debug|x86.ActiveCfg = Debug|Any CPU
		{3CF19DCE-2236-D66D-F07E-56DD1FC6E0E2}.Debug|x86.Build.0 = Debug|Any CPU
		{3CF19DCE-2236-D66D-F07E-56DD1FC6E0E2}.Release|Any CPU.ActiveCfg = Release|Any CPU
		{3CF19DCE-2236-D66D-F07E-56DD1FC6E0E2}.Release|Any CPU.Build.0 = Release|Any CPU
		{3CF19DCE-2236-D66D-F07E-56DD1FC6E0E2}.Release|x64.ActiveCfg = Release|Any CPU
		{3CF19DCE-2236-D66D-F07E-56DD1FC6E0E2}.Release|x64.Build.0 = Release|Any CPU
		{3CF19DCE-2236-D66D-F07E-56DD1FC6E0E2}.Release|x86.ActiveCfg = Release|Any CPU
		{3CF19DCE-2236-D66D-F07E-56DD1FC6E0E2}.Release|x86.Build.0 = Release|Any CPU
		{1C31E1CF-11F0-5143-303A-D10ACB039B86}.Debug|Any CPU.ActiveCfg = Debug|Any CPU
		{1C31E1CF-11F0-5143-303A-D10ACB039B86}.Debug|Any CPU.Build.0 = Debug|Any CPU
		{1C31E1CF-11F0-5143-303A-D10ACB039B86}.Debug|x64.ActiveCfg = Debug|Any CPU
		{1C31E1CF-11F0-5143-303A-D10ACB039B86}.Debug|x64.Build.0 = Debug|Any CPU
		{1C31E1CF-11F0-5143-303A-D10ACB039B86}.Debug|x86.ActiveCfg = Debug|Any CPU
		{1C31E1CF-11F0-5143-303A-D10ACB039B86}.Debug|x86.Build.0 = Debug|Any CPU
		{1C31E1CF-11F0-5143-303A-D10ACB039B86}.Release|Any CPU.ActiveCfg = Release|Any CPU
		{1C31E1CF-11F0-5143-303A-D10ACB039B86}.Release|Any CPU.Build.0 = Release|Any CPU
		{1C31E1CF-11F0-5143-303A-D10ACB039B86}.Release|x64.ActiveCfg = Release|Any CPU
		{1C31E1CF-11F0-5143-303A-D10ACB039B86}.Release|x64.Build.0 = Release|Any CPU
		{1C31E1CF-11F0-5143-303A-D10ACB039B86}.Release|x86.ActiveCfg = Release|Any CPU
		{1C31E1CF-11F0-5143-303A-D10ACB039B86}.Release|x86.Build.0 = Release|Any CPU
		{AC65F606-64B2-E230-D41C-30E01BD95171}.Debug|Any CPU.ActiveCfg = Debug|Any CPU
		{AC65F606-64B2-E230-D41C-30E01BD95171}.Debug|Any CPU.Build.0 = Debug|Any CPU
		{AC65F606-64B2-E230-D41C-30E01BD95171}.Debug|x64.ActiveCfg = Debug|Any CPU
		{AC65F606-64B2-E230-D41C-30E01BD95171}.Debug|x64.Build.0 = Debug|Any CPU
		{AC65F606-64B2-E230-D41C-30E01BD95171}.Debug|x86.ActiveCfg = Debug|Any CPU
		{AC65F606-64B2-E230-D41C-30E01BD95171}.Debug|x86.Build.0 = Debug|Any CPU
		{AC65F606-64B2-E230-D41C-30E01BD95171}.Release|Any CPU.ActiveCfg = Release|Any CPU
		{AC65F606-64B2-E230-D41C-30E01BD95171}.Release|Any CPU.Build.0 = Release|Any CPU
		{AC65F606-64B2-E230-D41C-30E01BD95171}.Release|x64.ActiveCfg = Release|Any CPU
		{AC65F606-64B2-E230-D41C-30E01BD95171}.Release|x64.Build.0 = Release|Any CPU
		{AC65F606-64B2-E230-D41C-30E01BD95171}.Release|x86.ActiveCfg = Release|Any CPU
		{AC65F606-64B2-E230-D41C-30E01BD95171}.Release|x86.Build.0 = Release|Any CPU
		{9B7ADD1B-2AFF-7DF7-6F23-2A34096EF98C}.Debug|Any CPU.ActiveCfg = Debug|Any CPU
		{9B7ADD1B-2AFF-7DF7-6F23-2A34096EF98C}.Debug|Any CPU.Build.0 = Debug|Any CPU
		{9B7ADD1B-2AFF-7DF7-6F23-2A34096EF98C}.Debug|x64.ActiveCfg = Debug|Any CPU
		{9B7ADD1B-2AFF-7DF7-6F23-2A34096EF98C}.Debug|x64.Build.0 = Debug|Any CPU
		{9B7ADD1B-2AFF-7DF7-6F23-2A34096EF98C}.Debug|x86.ActiveCfg = Debug|Any CPU
		{9B7ADD1B-2AFF-7DF7-6F23-2A34096EF98C}.Debug|x86.Build.0 = Debug|Any CPU
		{9B7ADD1B-2AFF-7DF7-6F23-2A34096EF98C}.Release|Any CPU.ActiveCfg = Release|Any CPU
		{9B7ADD1B-2AFF-7DF7-6F23-2A34096EF98C}.Release|Any CPU.Build.0 = Release|Any CPU
		{9B7ADD1B-2AFF-7DF7-6F23-2A34096EF98C}.Release|x64.ActiveCfg = Release|Any CPU
		{9B7ADD1B-2AFF-7DF7-6F23-2A34096EF98C}.Release|x64.Build.0 = Release|Any CPU
		{9B7ADD1B-2AFF-7DF7-6F23-2A34096EF98C}.Release|x86.ActiveCfg = Release|Any CPU
		{9B7ADD1B-2AFF-7DF7-6F23-2A34096EF98C}.Release|x86.Build.0 = Release|Any CPU
		{CEB9C6EE-1E45-DBA1-7D1F-D44128736BB7}.Debug|Any CPU.ActiveCfg = Debug|Any CPU
		{CEB9C6EE-1E45-DBA1-7D1F-D44128736BB7}.Debug|Any CPU.Build.0 = Debug|Any CPU
		{CEB9C6EE-1E45-DBA1-7D1F-D44128736BB7}.Debug|x64.ActiveCfg = Debug|Any CPU
		{CEB9C6EE-1E45-DBA1-7D1F-D44128736BB7}.Debug|x64.Build.0 = Debug|Any CPU
		{CEB9C6EE-1E45-DBA1-7D1F-D44128736BB7}.Debug|x86.ActiveCfg = Debug|Any CPU
		{CEB9C6EE-1E45-DBA1-7D1F-D44128736BB7}.Debug|x86.Build.0 = Debug|Any CPU
		{CEB9C6EE-1E45-DBA1-7D1F-D44128736BB7}.Release|Any CPU.ActiveCfg = Release|Any CPU
		{CEB9C6EE-1E45-DBA1-7D1F-D44128736BB7}.Release|Any CPU.Build.0 = Release|Any CPU
		{CEB9C6EE-1E45-DBA1-7D1F-D44128736BB7}.Release|x64.ActiveCfg = Release|Any CPU
		{CEB9C6EE-1E45-DBA1-7D1F-D44128736BB7}.Release|x64.Build.0 = Release|Any CPU
		{CEB9C6EE-1E45-DBA1-7D1F-D44128736BB7}.Release|x86.ActiveCfg = Release|Any CPU
		{CEB9C6EE-1E45-DBA1-7D1F-D44128736BB7}.Release|x86.Build.0 = Release|Any CPU
		{89976D72-4698-AD69-0F58-3B6B3EE2C310}.Debug|Any CPU.ActiveCfg = Debug|Any CPU
		{89976D72-4698-AD69-0F58-3B6B3EE2C310}.Debug|Any CPU.Build.0 = Debug|Any CPU
		{89976D72-4698-AD69-0F58-3B6B3EE2C310}.Debug|x64.ActiveCfg = Debug|Any CPU
		{89976D72-4698-AD69-0F58-3B6B3EE2C310}.Debug|x64.Build.0 = Debug|Any CPU
		{89976D72-4698-AD69-0F58-3B6B3EE2C310}.Debug|x86.ActiveCfg = Debug|Any CPU
		{89976D72-4698-AD69-0F58-3B6B3EE2C310}.Debug|x86.Build.0 = Debug|Any CPU
		{89976D72-4698-AD69-0F58-3B6B3EE2C310}.Release|Any CPU.ActiveCfg = Release|Any CPU
		{89976D72-4698-AD69-0F58-3B6B3EE2C310}.Release|Any CPU.Build.0 = Release|Any CPU
		{89976D72-4698-AD69-0F58-3B6B3EE2C310}.Release|x64.ActiveCfg = Release|Any CPU
		{89976D72-4698-AD69-0F58-3B6B3EE2C310}.Release|x64.Build.0 = Release|Any CPU
		{89976D72-4698-AD69-0F58-3B6B3EE2C310}.Release|x86.ActiveCfg = Release|Any CPU
		{89976D72-4698-AD69-0F58-3B6B3EE2C310}.Release|x86.Build.0 = Release|Any CPU
		{FD18349B-D585-FB49-87C8-2B8743F8B94D}.Debug|Any CPU.ActiveCfg = Debug|Any CPU
		{FD18349B-D585-FB49-87C8-2B8743F8B94D}.Debug|Any CPU.Build.0 = Debug|Any CPU
		{FD18349B-D585-FB49-87C8-2B8743F8B94D}.Debug|x64.ActiveCfg = Debug|Any CPU
		{FD18349B-D585-FB49-87C8-2B8743F8B94D}.Debug|x64.Build.0 = Debug|Any CPU
		{FD18349B-D585-FB49-87C8-2B8743F8B94D}.Debug|x86.ActiveCfg = Debug|Any CPU
		{FD18349B-D585-FB49-87C8-2B8743F8B94D}.Debug|x86.Build.0 = Debug|Any CPU
		{FD18349B-D585-FB49-87C8-2B8743F8B94D}.Release|Any CPU.ActiveCfg = Release|Any CPU
		{FD18349B-D585-FB49-87C8-2B8743F8B94D}.Release|Any CPU.Build.0 = Release|Any CPU
		{FD18349B-D585-FB49-87C8-2B8743F8B94D}.Release|x64.ActiveCfg = Release|Any CPU
		{FD18349B-D585-FB49-87C8-2B8743F8B94D}.Release|x64.Build.0 = Release|Any CPU
		{FD18349B-D585-FB49-87C8-2B8743F8B94D}.Release|x86.ActiveCfg = Release|Any CPU
		{FD18349B-D585-FB49-87C8-2B8743F8B94D}.Release|x86.Build.0 = Release|Any CPU
		{0E243158-7917-6CFF-EB81-9498F5F2CDC5}.Debug|Any CPU.ActiveCfg = Debug|Any CPU
		{0E243158-7917-6CFF-EB81-9498F5F2CDC5}.Debug|Any CPU.Build.0 = Debug|Any CPU
		{0E243158-7917-6CFF-EB81-9498F5F2CDC5}.Debug|x64.ActiveCfg = Debug|Any CPU
		{0E243158-7917-6CFF-EB81-9498F5F2CDC5}.Debug|x64.Build.0 = Debug|Any CPU
		{0E243158-7917-6CFF-EB81-9498F5F2CDC5}.Debug|x86.ActiveCfg = Debug|Any CPU
		{0E243158-7917-6CFF-EB81-9498F5F2CDC5}.Debug|x86.Build.0 = Debug|Any CPU
		{0E243158-7917-6CFF-EB81-9498F5F2CDC5}.Release|Any CPU.ActiveCfg = Release|Any CPU
		{0E243158-7917-6CFF-EB81-9498F5F2CDC5}.Release|Any CPU.Build.0 = Release|Any CPU
		{0E243158-7917-6CFF-EB81-9498F5F2CDC5}.Release|x64.ActiveCfg = Release|Any CPU
		{0E243158-7917-6CFF-EB81-9498F5F2CDC5}.Release|x64.Build.0 = Release|Any CPU
		{0E243158-7917-6CFF-EB81-9498F5F2CDC5}.Release|x86.ActiveCfg = Release|Any CPU
		{0E243158-7917-6CFF-EB81-9498F5F2CDC5}.Release|x86.Build.0 = Release|Any CPU
		{B3EA25C9-B36A-42DD-4EB9-E725BDF98359}.Debug|Any CPU.ActiveCfg = Debug|Any CPU
		{B3EA25C9-B36A-42DD-4EB9-E725BDF98359}.Debug|Any CPU.Build.0 = Debug|Any CPU
		{B3EA25C9-B36A-42DD-4EB9-E725BDF98359}.Debug|x64.ActiveCfg = Debug|Any CPU
		{B3EA25C9-B36A-42DD-4EB9-E725BDF98359}.Debug|x64.Build.0 = Debug|Any CPU
		{B3EA25C9-B36A-42DD-4EB9-E725BDF98359}.Debug|x86.ActiveCfg = Debug|Any CPU
		{B3EA25C9-B36A-42DD-4EB9-E725BDF98359}.Debug|x86.Build.0 = Debug|Any CPU
		{B3EA25C9-B36A-42DD-4EB9-E725BDF98359}.Release|Any CPU.ActiveCfg = Release|Any CPU
		{B3EA25C9-B36A-42DD-4EB9-E725BDF98359}.Release|Any CPU.Build.0 = Release|Any CPU
		{B3EA25C9-B36A-42DD-4EB9-E725BDF98359}.Release|x64.ActiveCfg = Release|Any CPU
		{B3EA25C9-B36A-42DD-4EB9-E725BDF98359}.Release|x64.Build.0 = Release|Any CPU
		{B3EA25C9-B36A-42DD-4EB9-E725BDF98359}.Release|x86.ActiveCfg = Release|Any CPU
		{B3EA25C9-B36A-42DD-4EB9-E725BDF98359}.Release|x86.Build.0 = Release|Any CPU
		{34D56D46-A7D1-F662-C7A0-373BEBE27833}.Debug|Any CPU.ActiveCfg = Debug|Any CPU
		{34D56D46-A7D1-F662-C7A0-373BEBE27833}.Debug|Any CPU.Build.0 = Debug|Any CPU
		{34D56D46-A7D1-F662-C7A0-373BEBE27833}.Debug|x64.ActiveCfg = Debug|Any CPU
		{34D56D46-A7D1-F662-C7A0-373BEBE27833}.Debug|x64.Build.0 = Debug|Any CPU
		{34D56D46-A7D1-F662-C7A0-373BEBE27833}.Debug|x86.ActiveCfg = Debug|Any CPU
		{34D56D46-A7D1-F662-C7A0-373BEBE27833}.Debug|x86.Build.0 = Debug|Any CPU
		{34D56D46-A7D1-F662-C7A0-373BEBE27833}.Release|Any CPU.ActiveCfg = Release|Any CPU
		{34D56D46-A7D1-F662-C7A0-373BEBE27833}.Release|Any CPU.Build.0 = Release|Any CPU
		{34D56D46-A7D1-F662-C7A0-373BEBE27833}.Release|x64.ActiveCfg = Release|Any CPU
		{34D56D46-A7D1-F662-C7A0-373BEBE27833}.Release|x64.Build.0 = Release|Any CPU
		{34D56D46-A7D1-F662-C7A0-373BEBE27833}.Release|x86.ActiveCfg = Release|Any CPU
		{34D56D46-A7D1-F662-C7A0-373BEBE27833}.Release|x86.Build.0 = Release|Any CPU
		{678A946D-C3FB-38C9-EAA3-8C312367217B}.Debug|Any CPU.ActiveCfg = Debug|Any CPU
		{678A946D-C3FB-38C9-EAA3-8C312367217B}.Debug|Any CPU.Build.0 = Debug|Any CPU
		{678A946D-C3FB-38C9-EAA3-8C312367217B}.Debug|x64.ActiveCfg = Debug|Any CPU
		{678A946D-C3FB-38C9-EAA3-8C312367217B}.Debug|x64.Build.0 = Debug|Any CPU
		{678A946D-C3FB-38C9-EAA3-8C312367217B}.Debug|x86.ActiveCfg = Debug|Any CPU
		{678A946D-C3FB-38C9-EAA3-8C312367217B}.Debug|x86.Build.0 = Debug|Any CPU
		{678A946D-C3FB-38C9-EAA3-8C312367217B}.Release|Any CPU.ActiveCfg = Release|Any CPU
		{678A946D-C3FB-38C9-EAA3-8C312367217B}.Release|Any CPU.Build.0 = Release|Any CPU
		{678A946D-C3FB-38C9-EAA3-8C312367217B}.Release|x64.ActiveCfg = Release|Any CPU
		{678A946D-C3FB-38C9-EAA3-8C312367217B}.Release|x64.Build.0 = Release|Any CPU
		{678A946D-C3FB-38C9-EAA3-8C312367217B}.Release|x86.ActiveCfg = Release|Any CPU
		{678A946D-C3FB-38C9-EAA3-8C312367217B}.Release|x86.Build.0 = Release|Any CPU
		{25E68589-3134-AAF9-8112-D69C020620FB}.Debug|Any CPU.ActiveCfg = Debug|Any CPU
		{25E68589-3134-AAF9-8112-D69C020620FB}.Debug|Any CPU.Build.0 = Debug|Any CPU
		{25E68589-3134-AAF9-8112-D69C020620FB}.Debug|x64.ActiveCfg = Debug|Any CPU
		{25E68589-3134-AAF9-8112-D69C020620FB}.Debug|x64.Build.0 = Debug|Any CPU
		{25E68589-3134-AAF9-8112-D69C020620FB}.Debug|x86.ActiveCfg = Debug|Any CPU
		{25E68589-3134-AAF9-8112-D69C020620FB}.Debug|x86.Build.0 = Debug|Any CPU
		{25E68589-3134-AAF9-8112-D69C020620FB}.Release|Any CPU.ActiveCfg = Release|Any CPU
		{25E68589-3134-AAF9-8112-D69C020620FB}.Release|Any CPU.Build.0 = Release|Any CPU
		{25E68589-3134-AAF9-8112-D69C020620FB}.Release|x64.ActiveCfg = Release|Any CPU
		{25E68589-3134-AAF9-8112-D69C020620FB}.Release|x64.Build.0 = Release|Any CPU
		{25E68589-3134-AAF9-8112-D69C020620FB}.Release|x86.ActiveCfg = Release|Any CPU
		{25E68589-3134-AAF9-8112-D69C020620FB}.Release|x86.Build.0 = Release|Any CPU
		{BA406466-F686-CC6F-AA69-3CEC03B35CCE}.Debug|Any CPU.ActiveCfg = Debug|Any CPU
		{BA406466-F686-CC6F-AA69-3CEC03B35CCE}.Debug|Any CPU.Build.0 = Debug|Any CPU
		{BA406466-F686-CC6F-AA69-3CEC03B35CCE}.Debug|x64.ActiveCfg = Debug|Any CPU
		{BA406466-F686-CC6F-AA69-3CEC03B35CCE}.Debug|x64.Build.0 = Debug|Any CPU
		{BA406466-F686-CC6F-AA69-3CEC03B35CCE}.Debug|x86.ActiveCfg = Debug|Any CPU
		{BA406466-F686-CC6F-AA69-3CEC03B35CCE}.Debug|x86.Build.0 = Debug|Any CPU
		{BA406466-F686-CC6F-AA69-3CEC03B35CCE}.Release|Any CPU.ActiveCfg = Release|Any CPU
		{BA406466-F686-CC6F-AA69-3CEC03B35CCE}.Release|Any CPU.Build.0 = Release|Any CPU
		{BA406466-F686-CC6F-AA69-3CEC03B35CCE}.Release|x64.ActiveCfg = Release|Any CPU
		{BA406466-F686-CC6F-AA69-3CEC03B35CCE}.Release|x64.Build.0 = Release|Any CPU
		{BA406466-F686-CC6F-AA69-3CEC03B35CCE}.Release|x86.ActiveCfg = Release|Any CPU
		{BA406466-F686-CC6F-AA69-3CEC03B35CCE}.Release|x86.Build.0 = Release|Any CPU
		{F9B27562-DBA2-4623-A53F-7E8435816D53}.Debug|Any CPU.ActiveCfg = Debug|Any CPU
		{F9B27562-DBA2-4623-A53F-7E8435816D53}.Debug|Any CPU.Build.0 = Debug|Any CPU
		{F9B27562-DBA2-4623-A53F-7E8435816D53}.Debug|x64.ActiveCfg = Debug|Any CPU
		{F9B27562-DBA2-4623-A53F-7E8435816D53}.Debug|x64.Build.0 = Debug|Any CPU
		{F9B27562-DBA2-4623-A53F-7E8435816D53}.Debug|x86.ActiveCfg = Debug|Any CPU
		{F9B27562-DBA2-4623-A53F-7E8435816D53}.Debug|x86.Build.0 = Debug|Any CPU
		{F9B27562-DBA2-4623-A53F-7E8435816D53}.Release|Any CPU.ActiveCfg = Release|Any CPU
		{F9B27562-DBA2-4623-A53F-7E8435816D53}.Release|Any CPU.Build.0 = Release|Any CPU
		{F9B27562-DBA2-4623-A53F-7E8435816D53}.Release|x64.ActiveCfg = Release|Any CPU
		{F9B27562-DBA2-4623-A53F-7E8435816D53}.Release|x64.Build.0 = Release|Any CPU
		{F9B27562-DBA2-4623-A53F-7E8435816D53}.Release|x86.ActiveCfg = Release|Any CPU
		{F9B27562-DBA2-4623-A53F-7E8435816D53}.Release|x86.Build.0 = Release|Any CPU
	EndGlobalSection
	GlobalSection(SolutionProperties) = preSolution
		HideSolutionNode = FALSE
	EndGlobalSection
	GlobalSection(NestedProjects) = preSolution
		{02EA681E-C7D8-13C7-8484-4AC65E1B71E8} = {4838E3EA-9ECE-4EDC-917E-326EDFF5FC8E}
		{973B9EC2-DA80-1AE9-B7BE-907DBEBC9017} = {02EA681E-C7D8-13C7-8484-4AC65E1B71E8}
		{2B174EF6-6092-3AC6-5840-5C53FABED8F7} = {02EA681E-C7D8-13C7-8484-4AC65E1B71E8}
		{3CF19DCE-2236-D66D-F07E-56DD1FC6E0E2} = {02EA681E-C7D8-13C7-8484-4AC65E1B71E8}
		{4838E3EA-9ECE-4EDC-917E-326EDFF5FC8E} = {C242258F-E245-4F4F-828D-BE30C54D5064}
		{C4E5E9EF-3F72-43E1-BA74-68178F8A5028} = {4838E3EA-9ECE-4EDC-917E-326EDFF5FC8E}
		{1C31E1CF-11F0-5143-303A-D10ACB039B86} = {C4E5E9EF-3F72-43E1-BA74-68178F8A5028}
		{AC65F606-64B2-E230-D41C-30E01BD95171} = {C4E5E9EF-3F72-43E1-BA74-68178F8A5028}
		{9B7ADD1B-2AFF-7DF7-6F23-2A34096EF98C} = {C4E5E9EF-3F72-43E1-BA74-68178F8A5028}
		{32A0C215-7168-4221-BFB0-592C283BF257} = {4838E3EA-9ECE-4EDC-917E-326EDFF5FC8E}
		{CEB9C6EE-1E45-DBA1-7D1F-D44128736BB7} = {32A0C215-7168-4221-BFB0-592C283BF257}
		{89976D72-4698-AD69-0F58-3B6B3EE2C310} = {32A0C215-7168-4221-BFB0-592C283BF257}
		{FD18349B-D585-FB49-87C8-2B8743F8B94D} = {32A0C215-7168-4221-BFB0-592C283BF257}
		{DC222905-4D7C-45F0-B518-0747D081883C} = {4838E3EA-9ECE-4EDC-917E-326EDFF5FC8E}
		{0E243158-7917-6CFF-EB81-9498F5F2CDC5} = {DC222905-4D7C-45F0-B518-0747D081883C}
		{B3EA25C9-B36A-42DD-4EB9-E725BDF98359} = {DC222905-4D7C-45F0-B518-0747D081883C}
		{34D56D46-A7D1-F662-C7A0-373BEBE27833} = {DC222905-4D7C-45F0-B518-0747D081883C}
		{A28A4FDC-5061-443D-A812-A96FBCD1DAC3} = {4838E3EA-9ECE-4EDC-917E-326EDFF5FC8E}
		{678A946D-C3FB-38C9-EAA3-8C312367217B} = {A28A4FDC-5061-443D-A812-A96FBCD1DAC3}
		{25E68589-3134-AAF9-8112-D69C020620FB} = {A28A4FDC-5061-443D-A812-A96FBCD1DAC3}
		{BA406466-F686-CC6F-AA69-3CEC03B35CCE} = {A28A4FDC-5061-443D-A812-A96FBCD1DAC3}
		{F9B27562-DBA2-4623-A53F-7E8435816D53} = {C242258F-E245-4F4F-828D-BE30C54D5064}
	EndGlobalSection
	GlobalSection(ExtensibilityGlobals) = postSolution
		SolutionGuid = {40762E8A-C28D-4634-BADE-ECB8FC8DC240}
	EndGlobalSection
EndGlobal
